# This file is autogenerated, do not edit; changes may be undone by the next 'dep ensure'.


[[projects]]
  branch = "master"
  digest = "1:041696ff42795e1bf21e52b0dc3985bbd4608916aa38459096b1ab9ac836d319"
  name = "github.com/alexiasa/rhodopsin-micros"
  packages = [
    "ips/common",
    "ips/controllers",
    "ips/data",
    "ips/models",
    "ips/routers",
  ]
  pruneopts = "UT"
  revision = "1606ed70d194a44ba4f3d27048817347f954e916"

[[projects]]
  digest = "1:ca59b1175189b3f0e9f1793d2c350114be36eaabbe5b9f554b35edee1de50aea"
  name = "github.com/gorilla/mux"
  packages = ["."]
  pruneopts = "UT"
  revision = "a7962380ca08b5a188038c69871b8d3fbdf31e89"
  version = "v1.7.0"

[[projects]]
  digest = "1:d688f4ad71b5dfad95c2d74cb0feac09f8f3c32ae5cecc078230dbdeece39e53"
  name = "github.com/urfave/negroni"
  packages = ["."]
  pruneopts = "UT"
  revision = "c6a59be0ce122566695fbd5e48a77f8f10c8a63a"
  version = "v1.0.0"

[[projects]]
  branch = "v2"
  digest = "1:988de7520a09024d5d94cd99bd545afbf194893994ec759b1cda0a0bbb6adb80"
  name = "gopkg.in/mgo.v2"
  packages = [
    ".",
    "bson",
    "internal/json",
    "internal/sasl",
    "internal/scram",
  ]
  pruneopts = "UT"
  revision = "9856a29383ce1c59f308dd1cf0363a79b5bef6b5"

[solve-meta]
  analyzer-name = "dep"
  analyzer-version = 1
  input-imports = [
    "github.com/alexiasa/rhodopsin-micros/ips/common",
    "github.com/alexiasa/rhodopsin-micros/ips/controllers",
    "github.com/alexiasa/rhodopsin-micros/ips/data",
    "github.com/alexiasa/rhodopsin-micros/ips/models",
    "github.com/alexiasa/rhodopsin-micros/ips/routers",
    "github.com/gorilla/mux",
    "github.com/urfave/negroni",
    "gopkg.in/mgo.v2",
    "gopkg.in/mgo.v2/bson",
  ]
  solver-name = "gps-cdcl"
  solver-version = 1
